
Microsoft Visual Studio Solution File, Format Version 12.00
# Visual Studio 15
VisualStudioVersion = 15.0.27130.2020
MinimumVisualStudioVersion = 10.0.40219.1
Project("{FAE04EC0-301F-11D3-BF4B-00C04F79EFBC}") = "Web", "Web\Web.csproj", "{9C5522A4-E255-4156-9684-AB64536C6362}"
EndProject
Project("{FAE04EC0-301F-11D3-BF4B-00C04F79EFBC}") = "Domain", "Domain\Domain.csproj", "{56E7B0D9-19BC-4423-AB4C-9C1C297C6BB2}"
EndProject
Project("{FAE04EC0-301F-11D3-BF4B-00C04F79EFBC}") = "UnitTest", "UnitTest\UnitTest.csproj", "{52A04F02-3638-4341-9CD0-81C9D00C5844}"
EndProject
Project("{FAE04EC0-301F-11D3-BF4B-00C04F79EFBC}") = "Business", "Business\Business.csproj", "{2D213E1F-2AEC-477B-84AB-EFDC5D8395AF}"
EndProject
Project("{FAE04EC0-301F-11D3-BF4B-00C04F79EFBC}") = "Infrastructure", "Infrastructure\Infrastructure.csproj", "{5F425813-91B5-410B-9910-4A6DB35EECBC}"
EndProject
Global
	GlobalSection(SolutionConfigurationPlatforms) = preSolution
		Debug|Any CPU = Debug|Any CPU
		Release|Any CPU = Release|Any CPU
	EndGlobalSection
	GlobalSection(ProjectConfigurationPlatforms) = postSolution
		{9C5522A4-E255-4156-9684-AB64536C6362}.Debug|Any CPU.ActiveCfg = Debug|Any CPU
		{9C5522A4-E255-4156-9684-AB64536C6362}.Debug|Any CPU.Build.0 = Debug|Any CPU
		{9C5522A4-E255-4156-9684-AB64536C6362}.Release|Any CPU.ActiveCfg = Release|Any CPU
		{9C5522A4-E255-4156-9684-AB64536C6362}.Release|Any CPU.Build.0 = Release|Any CPU
		{56E7B0D9-19BC-4423-AB4C-9C1C297C6BB2}.Debug|Any CPU.ActiveCfg = Debug|Any CPU
		{56E7B0D9-19BC-4423-AB4C-9C1C297C6BB2}.Debug|Any CPU.Build.0 = Debug|Any CPU
		{56E7B0D9-19BC-4423-AB4C-9C1C297C6BB2}.Release|Any CPU.ActiveCfg = Release|Any CPU
		{56E7B0D9-19BC-4423-AB4C-9C1C297C6BB2}.Release|Any CPU.Build.0 = Release|Any CPU
		{52A04F02-3638-4341-9CD0-81C9D00C5844}.Debug|Any CPU.ActiveCfg = Debug|Any CPU
		{52A04F02-3638-4341-9CD0-81C9D00C5844}.Debug|Any CPU.Build.0 = Debug|Any CPU
		{52A04F02-3638-4341-9CD0-81C9D00C5844}.Release|Any CPU.ActiveCfg = Release|Any CPU
		{52A04F02-3638-4341-9CD0-81C9D00C5844}.Release|Any CPU.Build.0 = Release|Any CPU
		{2D213E1F-2AEC-477B-84AB-EFDC5D8395AF}.Debug|Any CPU.ActiveCfg = Debug|Any CPU
		{2D213E1F-2AEC-477B-84AB-EFDC5D8395AF}.Debug|Any CPU.Build.0 = Debug|Any CPU
		{2D213E1F-2AEC-477B-84AB-EFDC5D8395AF}.Release|Any CPU.ActiveCfg = Release|Any CPU
		{2D213E1F-2AEC-477B-84AB-EFDC5D8395AF}.Release|Any CPU.Build.0 = Release|Any CPU
		{5F425813-91B5-410B-9910-4A6DB35EECBC}.Debug|Any CPU.ActiveCfg = Debug|Any CPU
		{5F425813-91B5-410B-9910-4A6DB35EECBC}.Debug|Any CPU.Build.0 = Debug|Any CPU
		{5F425813-91B5-410B-9910-4A6DB35EECBC}.Release|Any CPU.ActiveCfg = Release|Any CPU
		{5F425813-91B5-410B-9910-4A6DB35EECBC}.Release|Any CPU.Build.0 = Release|Any CPU
	EndGlobalSection
	GlobalSection(SolutionProperties) = preSolution
		HideSolutionNode = FALSE
	EndGlobalSection
	GlobalSection(ExtensibilityGlobals) = postSolution
		SolutionGuid = {6CDF31EC-F55B-4D66-9C3C-337CC4F230C2}
	EndGlobalSection
EndGlobal
